
Microsoft Visual Studio Solution File, Format Version 12.00
# Visual Studio Version 16
VisualStudioVersion = 16.0.30413.136
MinimumVisualStudioVersion = 10.0.40219.1
Project("{FAE04EC0-301F-11D3-BF4B-00C04F79EFBC}") = "Exercise2", "Exercise2\Exercise2.csproj", "{5AD8B6AF-F5B8-4B21-9D97-D3734910996E}"
EndProject
Global
	GlobalSection(SolutionConfigurationPlatforms) = preSolution
		Debug|Any CPU = Debug|Any CPU
		Release|Any CPU = Release|Any CPU
	EndGlobalSection
	GlobalSection(ProjectConfigurationPlatforms) = postSolution
		{5AD8B6AF-F5B8-4B21-9D97-D3734910996E}.Debug|Any CPU.ActiveCfg = Debug|Any CPU
		{5AD8B6AF-F5B8-4B21-9D97-D3734910996E}.Debug|Any CPU.Build.0 = Debug|Any CPU
		{5AD8B6AF-F5B8-4B21-9D97-D3734910996E}.Release|Any CPU.ActiveCfg = Release|Any CPU
		{5AD8B6AF-F5B8-4B21-9D97-D3734910996E}.Release|Any CPU.Build.0 = Release|Any CPU
	EndGlobalSection
	GlobalSection(SolutionProperties) = preSolution
		HideSolutionNode = FALSE
	EndGlobalSection
	GlobalSection(ExtensibilityGlobals) = postSolution
		SolutionGuid = {135EBECD-34BF-40D9-AC85-5203C52D68F9}
	EndGlobalSection
EndGlobal
