
Microsoft Visual Studio Solution File, Format Version 12.00
# Visual Studio Version 16
VisualStudioVersion = 16.0.30413.136
MinimumVisualStudioVersion = 10.0.40219.1
Project("{FAE04EC0-301F-11D3-BF4B-00C04F79EFBC}") = "WindowsFormsApp20", "WindowsFormsApp20\WindowsFormsApp20.csproj", "{3901DC4D-7738-43D4-9ACE-986F256E77AF}"
EndProject
Global
	GlobalSection(SolutionConfigurationPlatforms) = preSolution
		Debug|Any CPU = Debug|Any CPU
		Release|Any CPU = Release|Any CPU
	EndGlobalSection
	GlobalSection(ProjectConfigurationPlatforms) = postSolution
		{3901DC4D-7738-43D4-9ACE-986F256E77AF}.Debug|Any CPU.ActiveCfg = Debug|Any CPU
		{3901DC4D-7738-43D4-9ACE-986F256E77AF}.Debug|Any CPU.Build.0 = Debug|Any CPU
		{3901DC4D-7738-43D4-9ACE-986F256E77AF}.Release|Any CPU.ActiveCfg = Release|Any CPU
		{3901DC4D-7738-43D4-9ACE-986F256E77AF}.Release|Any CPU.Build.0 = Release|Any CPU
	EndGlobalSection
	GlobalSection(SolutionProperties) = preSolution
		HideSolutionNode = FALSE
	EndGlobalSection
	GlobalSection(ExtensibilityGlobals) = postSolution
		SolutionGuid = {26736559-C45A-49A1-8B1F-D92C545D0F83}
	EndGlobalSection
EndGlobal
